// !$*UTF8*$!
{
	archiveVersion = 1;
	classes = {
	};
	objectVersion = 56;
	objects = {

/* Begin PBXBuildFile section */
		281696762C301C2D00B34ABB /* libglfw.3.4.dylib in Frameworks */ = {isa = PBXBuildFile; fileRef = 281696752C301C2D00B34ABB /* libglfw.3.4.dylib */; };
		281696782C301C3300B34ABB /* OpenGL.framework in Frameworks */ = {isa = PBXBuildFile; fileRef = 281696772C301C3300B34ABB /* OpenGL.framework */; };
		2816967B2C30F66800B34ABB /* libGLEW.2.2.0.dylib in Frameworks */ = {isa = PBXBuildFile; fileRef = 2816967A2C30F66800B34ABB /* libGLEW.2.2.0.dylib */; };
		286548F52C32D2C200EDDC75 /* main.cpp in Sources */ = {isa = PBXBuildFile; fileRef = 286548F32C32D2C200EDDC75 /* main.cpp */; };
/* End PBXBuildFile section */

/* Begin PBXCopyFilesBuildPhase section */
		281696682C301C0C00B34ABB /* CopyFiles */ = {
			isa = PBXCopyFilesBuildPhase;
			buildActionMask = 2147483647;
			dstPath = /usr/share/man/man1/;
			dstSubfolderSpec = 0;
			files = (
			);
			runOnlyForDeploymentPostprocessing = 1;
		};
/* End PBXCopyFilesBuildPhase section */

/* Begin PBXFileReference section */
		2816966A2C301C0C00B34ABB /* OpenGL Learning */ = {isa = PBXFileReference; explicitFileType = "compiled.mach-o.executable"; includeInIndex = 0; path = "OpenGL Learning"; sourceTree = BUILT_PRODUCTS_DIR; };
		281696752C301C2D00B34ABB /* libglfw.3.4.dylib */ = {isa = PBXFileReference; lastKnownFileType = "compiled.mach-o.dylib"; name = libglfw.3.4.dylib; path = ../../../../../../opt/homebrew/Cellar/glfw/3.4/lib/libglfw.3.4.dylib; sourceTree = "<group>"; };
		281696772C301C3300B34ABB /* OpenGL.framework */ = {isa = PBXFileReference; lastKnownFileType = wrapper.framework; name = OpenGL.framework; path = System/Library/Frameworks/OpenGL.framework; sourceTree = SDKROOT; };
		281696792C305EB700B34ABB /* OpenGL Learning.entitlements */ = {isa = PBXFileReference; lastKnownFileType = text.plist.entitlements; path = "OpenGL Learning.entitlements"; sourceTree = "<group>"; };
		2816967A2C30F66800B34ABB /* libGLEW.2.2.0.dylib */ = {isa = PBXFileReference; lastKnownFileType = "compiled.mach-o.dylib"; name = libGLEW.2.2.0.dylib; path = ../../../../../../opt/homebrew/Cellar/glew/2.2.0_1/lib/libGLEW.2.2.0.dylib; sourceTree = "<group>"; };
		286548F32C32D2C200EDDC75 /* main.cpp */ = {isa = PBXFileReference; fileEncoding = 4; lastKnownFileType = sourcecode.cpp.cpp; path = main.cpp; sourceTree = "<group>"; };
		286548F42C32D2C200EDDC75 /* Basic.shader */ = {isa = PBXFileReference; fileEncoding = 4; lastKnownFileType = text; name = Basic.shader; path = "OpenGL Learning/resource/shaders/Basic.shader"; sourceTree = SOURCE_ROOT; };
/* End PBXFileReference section */

/* Begin PBXFrameworksBuildPhase section */
		281696672C301C0C00B34ABB /* Frameworks */ = {
			isa = PBXFrameworksBuildPhase;
			buildActionMask = 2147483647;
			files = (
				2816967B2C30F66800B34ABB /* libGLEW.2.2.0.dylib in Frameworks */,
				281696782C301C3300B34ABB /* OpenGL.framework in Frameworks */,
				281696762C301C2D00B34ABB /* libglfw.3.4.dylib in Frameworks */,
			);
			runOnlyForDeploymentPostprocessing = 0;
		};
/* End PBXFrameworksBuildPhase section */

/* Begin PBXGroup section */
		281696612C301C0C00B34ABB = {
			isa = PBXGroup;
			children = (
				2816966C2C301C0C00B34ABB /* OpenGL Learning */,
				2816966B2C301C0C00B34ABB /* Products */,
				281696742C301C2D00B34ABB /* Frameworks */,
			);
			sourceTree = "<group>";
		};
		2816966B2C301C0C00B34ABB /* Products */ = {
			isa = PBXGroup;
			children = (
				2816966A2C301C0C00B34ABB /* OpenGL Learning */,
			);
			name = Products;
			sourceTree = "<group>";
		};
		2816966C2C301C0C00B34ABB /* OpenGL Learning */ = {
			isa = PBXGroup;
			children = (
				281696792C305EB700B34ABB /* OpenGL Learning.entitlements */,
				2816967F2C31894B00B34ABB /* src */,
				281696812C31896A00B34ABB /* resource */,
				281696802C31895A00B34ABB /* sys */,
			);
			path = "OpenGL Learning";
			sourceTree = "<group>";
		};
		281696742C301C2D00B34ABB /* Frameworks */ = {
			isa = PBXGroup;
			children = (
				2816967A2C30F66800B34ABB /* libGLEW.2.2.0.dylib */,
				281696772C301C3300B34ABB /* OpenGL.framework */,
				281696752C301C2D00B34ABB /* libglfw.3.4.dylib */,
			);
			name = Frameworks;
			sourceTree = "<group>";
		};
		2816967F2C31894B00B34ABB /* src */ = {
			isa = PBXGroup;
			children = (
				286548F32C32D2C200EDDC75 /* main.cpp */,
			);
			path = src;
			sourceTree = "<group>";
		};
		281696802C31895A00B34ABB /* sys */ = {
			isa = PBXGroup;
			children = (
			);
			path = sys;
			sourceTree = "<group>";
		};
		281696812C31896A00B34ABB /* resource */ = {
			isa = PBXGroup;
			children = (
				281696822C31897900B34ABB /* shaders */,
			);
			path = resource;
			sourceTree = "<group>";
		};
		281696822C31897900B34ABB /* shaders */ = {
			isa = PBXGroup;
			children = (
				286548F42C32D2C200EDDC75 /* Basic.shader */,
			);
			path = shaders;
			sourceTree = "<group>";
		};
/* End PBXGroup section */

/* Begin PBXNativeTarget section */
		281696692C301C0C00B34ABB /* OpenGL Learning */ = {
			isa = PBXNativeTarget;
			buildConfigurationList = 281696712C301C0C00B34ABB /* Build configuration list for PBXNativeTarget "OpenGL Learning" */;
			buildPhases = (
				281696662C301C0C00B34ABB /* Sources */,
				281696672C301C0C00B34ABB /* Frameworks */,
				281696682C301C0C00B34ABB /* CopyFiles */,
			);
			buildRules = (
			);
			dependencies = (
			);
			name = "OpenGL Learning";
			productName = "OpenGL Learning";
			productReference = 2816966A2C301C0C00B34ABB /* OpenGL Learning */;
			productType = "com.apple.product-type.tool";
		};
/* End PBXNativeTarget section */

/* Begin PBXProject section */
		281696622C301C0C00B34ABB /* Project object */ = {
			isa = PBXProject;
			attributes = {
				BuildIndependentTargetsInParallel = 1;
				LastUpgradeCheck = 1540;
				TargetAttributes = {
					281696692C301C0C00B34ABB = {
						CreatedOnToolsVersion = 15.4;
					};
				};
			};
			buildConfigurationList = 281696652C301C0C00B34ABB /* Build configuration list for PBXProject "OpenGL Learning" */;
			compatibilityVersion = "Xcode 14.0";
			developmentRegion = en;
			hasScannedForEncodings = 0;
			knownRegions = (
				en,
				Base,
			);
			mainGroup = 281696612C301C0C00B34ABB;
			productRefGroup = 2816966B2C301C0C00B34ABB /* Products */;
			projectDirPath = "";
			projectRoot = "";
			targets = (
				281696692C301C0C00B34ABB /* OpenGL Learning */,
			);
		};
/* End PBXProject section */

/* Begin PBXSourcesBuildPhase section */
		281696662C301C0C00B34ABB /* Sources */ = {
			isa = PBXSourcesBuildPhase;
			buildActionMask = 2147483647;
			files = (
				286548F52C32D2C200EDDC75 /* main.cpp in Sources */,
			);
			runOnlyForDeploymentPostprocessing = 0;
		};
/* End PBXSourcesBuildPhase section */

/* Begin XCBuildConfiguration section */
		2816966F2C301C0C00B34ABB /* Debug */ = {
			isa = XCBuildConfiguration;
			buildSettings = {
				ALWAYS_SEARCH_USER_PATHS = NO;
				ASSETCATALOG_COMPILER_GENERATE_SWIFT_ASSET_SYMBOL_EXTENSIONS = YES;
				CLANG_ANALYZER_NONNULL = YES;
				CLANG_ANALYZER_NUMBER_OBJECT_CONVERSION = YES_AGGRESSIVE;
				CLANG_CXX_LANGUAGE_STANDARD = "gnu++20";
				CLANG_ENABLE_MODULES = YES;
				CLANG_ENABLE_OBJC_ARC = YES;
				CLANG_ENABLE_OBJC_WEAK = YES;
				CLANG_WARN_BLOCK_CAPTURE_AUTORELEASING = YES;
				CLANG_WARN_BOOL_CONVERSION = YES;
				CLANG_WARN_COMMA = YES;
				CLANG_WARN_CONSTANT_CONVERSION = YES;
				CLANG_WARN_DEPRECATED_OBJC_IMPLEMENTATIONS = YES;
				CLANG_WARN_DIRECT_OBJC_ISA_USAGE = YES_ERROR;
				CLANG_WARN_DOCUMENTATION_COMMENTS = YES;
				CLANG_WARN_EMPTY_BODY = YES;
				CLANG_WARN_ENUM_CONVERSION = YES;
				CLANG_WARN_INFINITE_RECURSION = YES;
				CLANG_WARN_INT_CONVERSION = YES;
				CLANG_WARN_NON_LITERAL_NULL_CONVERSION = YES;
				CLANG_WARN_OBJC_IMPLICIT_RETAIN_SELF = YES;
				CLANG_WARN_OBJC_LITERAL_CONVERSION = YES;
				CLANG_WARN_OBJC_ROOT_CLASS = YES_ERROR;
				CLANG_WARN_QUOTED_INCLUDE_IN_FRAMEWORK_HEADER = YES;
				CLANG_WARN_RANGE_LOOP_ANALYSIS = YES;
				CLANG_WARN_STRICT_PROTOTYPES = YES;
				CLANG_WARN_SUSPICIOUS_MOVE = YES;
				CLANG_WARN_UNGUARDED_AVAILABILITY = YES_AGGRESSIVE;
				CLANG_WARN_UNREACHABLE_CODE = YES;
				CLANG_WARN__DUPLICATE_METHOD_MATCH = YES;
				COPY_PHASE_STRIP = NO;
				DEBUG_INFORMATION_FORMAT = dwarf;
				ENABLE_STRICT_OBJC_MSGSEND = YES;
				ENABLE_TESTABILITY = YES;
				ENABLE_USER_SCRIPT_SANDBOXING = YES;
				GCC_C_LANGUAGE_STANDARD = gnu17;
				GCC_DYNAMIC_NO_PIC = NO;
				GCC_NO_COMMON_BLOCKS = YES;
				GCC_OPTIMIZATION_LEVEL = 0;
				GCC_PREPROCESSOR_DEFINITIONS = (
					"DEBUG=1",
					"$(inherited)",
				);
				GCC_WARN_64_TO_32_BIT_CONVERSION = YES;
				GCC_WARN_ABOUT_RETURN_TYPE = YES_ERROR;
				GCC_WARN_UNDECLARED_SELECTOR = YES;
				GCC_WARN_UNINITIALIZED_AUTOS = YES_AGGRESSIVE;
				GCC_WARN_UNUSED_FUNCTION = YES;
				GCC_WARN_UNUSED_VARIABLE = YES;
				LOCALIZATION_PREFERS_STRING_CATALOGS = YES;
				MACOSX_DEPLOYMENT_TARGET = 14.5;
				MTL_ENABLE_DEBUG_INFO = INCLUDE_SOURCE;
				MTL_FAST_MATH = YES;
				ONLY_ACTIVE_ARCH = YES;
				SDKROOT = macosx;
			};
			name = Debug;
		};
		281696702C301C0C00B34ABB /* Release */ = {
			isa = XCBuildConfiguration;
			buildSettings = {
				ALWAYS_SEARCH_USER_PATHS = NO;
				ASSETCATALOG_COMPILER_GENERATE_SWIFT_ASSET_SYMBOL_EXTENSIONS = YES;
				CLANG_ANALYZER_NONNULL = YES;
				CLANG_ANALYZER_NUMBER_OBJECT_CONVERSION = YES_AGGRESSIVE;
				CLANG_CXX_LANGUAGE_STANDARD = "gnu++20";
				CLANG_ENABLE_MODULES = YES;
				CLANG_ENABLE_OBJC_ARC = YES;
				CLANG_ENABLE_OBJC_WEAK = YES;
				CLANG_WARN_BLOCK_CAPTURE_AUTORELEASING = YES;
				CLANG_WARN_BOOL_CONVERSION = YES;
				CLANG_WARN_COMMA = YES;
				CLANG_WARN_CONSTANT_CONVERSION = YES;
				CLANG_WARN_DEPRECATED_OBJC_IMPLEMENTATIONS = YES;
				CLANG_WARN_DIRECT_OBJC_ISA_USAGE = YES_ERROR;
				CLANG_WARN_DOCUMENTATION_COMMENTS = YES;
				CLANG_WARN_EMPTY_BODY = YES;
				CLANG_WARN_ENUM_CONVERSION = YES;
				CLANG_WARN_INFINITE_RECURSION = YES;
				CLANG_WARN_INT_CONVERSION = YES;
				CLANG_WARN_NON_LITERAL_NULL_CONVERSION = YES;
				CLANG_WARN_OBJC_IMPLICIT_RETAIN_SELF = YES;
				CLANG_WARN_OBJC_LITERAL_CONVERSION = YES;
				CLANG_WARN_OBJC_ROOT_CLASS = YES_ERROR;
				CLANG_WARN_QUOTED_INCLUDE_IN_FRAMEWORK_HEADER = YES;
				CLANG_WARN_RANGE_LOOP_ANALYSIS = YES;
				CLANG_WARN_STRICT_PROTOTYPES = YES;
				CLANG_WARN_SUSPICIOUS_MOVE = YES;
				CLANG_WARN_UNGUARDED_AVAILABILITY = YES_AGGRESSIVE;
				CLANG_WARN_UNREACHABLE_CODE = YES;
				CLANG_WARN__DUPLICATE_METHOD_MATCH = YES;
				COPY_PHASE_STRIP = NO;
				DEBUG_INFORMATION_FORMAT = "dwarf-with-dsym";
				ENABLE_NS_ASSERTIONS = NO;
				ENABLE_STRICT_OBJC_MSGSEND = YES;
				ENABLE_USER_SCRIPT_SANDBOXING = YES;
				GCC_C_LANGUAGE_STANDARD = gnu17;
				GCC_NO_COMMON_BLOCKS = YES;
				GCC_WARN_64_TO_32_BIT_CONVERSION = YES;
				GCC_WARN_ABOUT_RETURN_TYPE = YES_ERROR;
				GCC_WARN_UNDECLARED_SELECTOR = YES;
				GCC_WARN_UNINITIALIZED_AUTOS = YES_AGGRESSIVE;
				GCC_WARN_UNUSED_FUNCTION = YES;
				GCC_WARN_UNUSED_VARIABLE = YES;
				LOCALIZATION_PREFERS_STRING_CATALOGS = YES;
				MACOSX_DEPLOYMENT_TARGET = 14.5;
				MTL_ENABLE_DEBUG_INFO = NO;
				MTL_FAST_MATH = YES;
				SDKROOT = macosx;
			};
			name = Release;
		};
		281696722C301C0C00B34ABB /* Debug */ = {
			isa = XCBuildConfiguration;
			buildSettings = {
				CODE_SIGN_ENTITLEMENTS = "OpenGL Learning/OpenGL Learning.entitlements";
				"CODE_SIGN_IDENTITY[sdk=macosx*]" = "Apple Development";
				CODE_SIGN_STYLE = Automatic;
				DEVELOPMENT_TEAM = SVGXRR5RRA;
				ENABLE_HARDENED_RUNTIME = YES;
				HEADER_SEARCH_PATHS = (
					/opt/homebrew/Cellar/glfw/3.4/include,
					/opt/homebrew/Cellar/glew/2.2.0_1/include,
				);
				LIBRARY_SEARCH_PATHS = (
					/opt/homebrew/Cellar/glfw/3.4/lib,
					/opt/homebrew/Cellar/glew/2.2.0_1/lib,
				);
				OTHER_CFLAGS = "-Wno-documentation";
				PRODUCT_NAME = "$(TARGET_NAME)";
			};
			name = Debug;
		};
		281696732C301C0C00B34ABB /* Release */ = {
			isa = XCBuildConfiguration;
			buildSettings = {
				CODE_SIGN_ENTITLEMENTS = "OpenGL Learning/OpenGL Learning.entitlements";
				"CODE_SIGN_IDENTITY[sdk=macosx*]" = "Apple Development";
				CODE_SIGN_STYLE = Automatic;
				DEVELOPMENT_TEAM = SVGXRR5RRA;
				ENABLE_HARDENED_RUNTIME = YES;
				HEADER_SEARCH_PATHS = (
					/opt/homebrew/Cellar/glfw/3.4/include,
					/opt/homebrew/Cellar/glew/2.2.0_1/include,
				);
				LIBRARY_SEARCH_PATHS = (
					/opt/homebrew/Cellar/glfw/3.4/lib,
					/opt/homebrew/Cellar/glew/2.2.0_1/lib,
				);
				OTHER_CFLAGS = "-Wno-documentation";
				PRODUCT_NAME = "$(TARGET_NAME)";
			};
			name = Release;
		};
/* End XCBuildConfiguration section */

/* Begin XCConfigurationList section */
		281696652C301C0C00B34ABB /* Build configuration list for PBXProject "OpenGL Learning" */ = {
			isa = XCConfigurationList;
			buildConfigurations = (
				2816966F2C301C0C00B34ABB /* Debug */,
				281696702C301C0C00B34ABB /* Release */,
			);
			defaultConfigurationIsVisible = 0;
			defaultConfigurationName = Release;
		};
		281696712C301C0C00B34ABB /* Build configuration list for PBXNativeTarget "OpenGL Learning" */ = {
			isa = XCConfigurationList;
			buildConfigurations = (
				281696722C301C0C00B34ABB /* Debug */,
				281696732C301C0C00B34ABB /* Release */,
			);
			defaultConfigurationIsVisible = 0;
			defaultConfigurationName = Release;
		};
/* End XCConfigurationList section */
	};
	rootObject = 281696622C301C0C00B34ABB /* Project object */;
}
